
Microsoft Visual Studio Solution File, Format Version 12.00
# Visual Studio Version 17
VisualStudioVersion = 17.7.34024.191
MinimumVisualStudioVersion = 10.0.40219.1
Project("{9A19103F-16F7-4668-BE54-9A1E7A4F7556}") = "LISTAS", "LISTAS\LISTAS.csproj", "{3516CFAA-C419-4E19-948F-E51FC266DE1E}"
EndProject
Global
	GlobalSection(SolutionConfigurationPlatforms) = preSolution
		Debug|Any CPU = Debug|Any CPU
		Release|Any CPU = Release|Any CPU
	EndGlobalSection
	GlobalSection(ProjectConfigurationPlatforms) = postSolution
		{3516CFAA-C419-4E19-948F-E51FC266DE1E}.Debug|Any CPU.ActiveCfg = Debug|Any CPU
		{3516CFAA-C419-4E19-948F-E51FC266DE1E}.Debug|Any CPU.Build.0 = Debug|Any CPU
		{3516CFAA-C419-4E19-948F-E51FC266DE1E}.Release|Any CPU.ActiveCfg = Release|Any CPU
		{3516CFAA-C419-4E19-948F-E51FC266DE1E}.Release|Any CPU.Build.0 = Release|Any CPU
	EndGlobalSection
	GlobalSection(SolutionProperties) = preSolution
		HideSolutionNode = FALSE
	EndGlobalSection
	GlobalSection(ExtensibilityGlobals) = postSolution
		SolutionGuid = {02E21550-4AF2-4456-ACC6-F55FB8B8035F}
	EndGlobalSection
EndGlobal
